// !$*UTF8*$!
{
	archiveVersion = 1;
	classes = {
	};
	objectVersion = 46;
	objects = {

/* Begin PBXBuildFile section */
		040669B61F26E6410090DE0C /* main.m in Sources */ = {isa = PBXBuildFile; fileRef = 040669B51F26E6410090DE0C /* main.m */; };
		040669B91F26E6410090DE0C /* AppDelegate.m in Sources */ = {isa = PBXBuildFile; fileRef = 040669B81F26E6410090DE0C /* AppDelegate.m */; };
		040669C11F26E6410090DE0C /* Assets.xcassets in Resources */ = {isa = PBXBuildFile; fileRef = 040669C01F26E6410090DE0C /* Assets.xcassets */; };
		040669C41F26E6410090DE0C /* LaunchScreen.storyboard in Resources */ = {isa = PBXBuildFile; fileRef = 040669C21F26E6410090DE0C /* LaunchScreen.storyboard */; };
		04066A211F26E68F0090DE0C /* NSData+Base64.m in Sources */ = {isa = PBXBuildFile; fileRef = 040669D01F26E68E0090DE0C /* NSData+Base64.m */; };
		04066A221F26E68F0090DE0C /* NSData+Encrypt.m in Sources */ = {isa = PBXBuildFile; fileRef = 040669D21F26E68E0090DE0C /* NSData+Encrypt.m */; };
		04066A231F26E68F0090DE0C /* NSDate+Compare.m in Sources */ = {isa = PBXBuildFile; fileRef = 040669D51F26E68F0090DE0C /* NSDate+Compare.m */; };
		04066A241F26E68F0090DE0C /* NSString+Base64.m in Sources */ = {isa = PBXBuildFile; fileRef = 040669D81F26E68F0090DE0C /* NSString+Base64.m */; };
		04066A251F26E68F0090DE0C /* NSString+Encrypt.m in Sources */ = {isa = PBXBuildFile; fileRef = 040669DA1F26E68F0090DE0C /* NSString+Encrypt.m */; };
		04066A261F26E68F0090DE0C /* NSString+MD5.m in Sources */ = {isa = PBXBuildFile; fileRef = 040669DC1F26E68F0090DE0C /* NSString+MD5.m */; };
		04066A271F26E68F0090DE0C /* NSString+Pinyin.m in Sources */ = {isa = PBXBuildFile; fileRef = 040669DE1F26E68F0090DE0C /* NSString+Pinyin.m */; };
		04066A281F26E68F0090DE0C /* NSString+Size.m in Sources */ = {isa = PBXBuildFile; fileRef = 040669E01F26E68F0090DE0C /* NSString+Size.m */; };
		04066A291F26E68F0090DE0C /* NSDictionary+Params.m in Sources */ = {isa = PBXBuildFile; fileRef = 040669E31F26E68F0090DE0C /* NSDictionary+Params.m */; };
		04066A2A1F26E68F0090DE0C /* NSURL+Parameters.m in Sources */ = {isa = PBXBuildFile; fileRef = 040669E51F26E68F0090DE0C /* NSURL+Parameters.m */; };
		04066A2B1F26E68F0090DE0C /* UIBarButtonItem+Item.m in Sources */ = {isa = PBXBuildFile; fileRef = 040669E81F26E68F0090DE0C /* UIBarButtonItem+Item.m */; };
		04066A2C1F26E68F0090DE0C /* UIColor+Hex.m in Sources */ = {isa = PBXBuildFile; fileRef = 040669EB1F26E68F0090DE0C /* UIColor+Hex.m */; };
		04066A2D1F26E68F0090DE0C /* UIImage+Clip.m in Sources */ = {isa = PBXBuildFile; fileRef = 040669EE1F26E68F0090DE0C /* UIImage+Clip.m */; };
		04066A2E1F26E68F0090DE0C /* UIImage+Color.m in Sources */ = {isa = PBXBuildFile; fileRef = 040669F01F26E68F0090DE0C /* UIImage+Color.m */; };
		04066A2F1F26E68F0090DE0C /* UIImage+Size.m in Sources */ = {isa = PBXBuildFile; fileRef = 040669F21F26E68F0090DE0C /* UIImage+Size.m */; };
		04066A301F26E68F0090DE0C /* UIImage+Snap.m in Sources */ = {isa = PBXBuildFile; fileRef = 040669F41F26E68F0090DE0C /* UIImage+Snap.m */; };
		04066A311F26E68F0090DE0C /* UIImage+TYLaunchImage.m in Sources */ = {isa = PBXBuildFile; fileRef = 040669F61F26E68F0090DE0C /* UIImage+TYLaunchImage.m */; };
		04066A321F26E68F0090DE0C /* UITabBarController+addChildVC.m in Sources */ = {isa = PBXBuildFile; fileRef = 040669F91F26E68F0090DE0C /* UITabBarController+addChildVC.m */; };
		04066A331F26E68F0090DE0C /* UIView+Frame.m in Sources */ = {isa = PBXBuildFile; fileRef = 040669FC1F26E68F0090DE0C /* UIView+Frame.m */; };
		04066A341F26E68F0090DE0C /* UIView+Nib.m in Sources */ = {isa = PBXBuildFile; fileRef = 040669FE1F26E68F0090DE0C /* UIView+Nib.m */; };
		04066A351F26E68F0090DE0C /* UIView+ViewController.m in Sources */ = {isa = PBXBuildFile; fileRef = 04066A001F26E68F0090DE0C /* UIView+ViewController.m */; };
		04066A361F26E68F0090DE0C /* LPADLaunchController.m in Sources */ = {isa = PBXBuildFile; fileRef = 04066A051F26E68F0090DE0C /* LPADLaunchController.m */; };
		04066A371F26E68F0090DE0C /* LPNavigationController.m in Sources */ = {isa = PBXBuildFile; fileRef = 04066A071F26E68F0090DE0C /* LPNavigationController.m */; };
		04066A381F26E68F0090DE0C /* LPTabBarController.m in Sources */ = {isa = PBXBuildFile; fileRef = 04066A091F26E68F0090DE0C /* LPTabBarController.m */; };
		04066A391F26E68F0090DE0C /* LPADLaunchView.m in Sources */ = {isa = PBXBuildFile; fileRef = 04066A0D1F26E68F0090DE0C /* LPADLaunchView.m */; };
		04066A3F1F26F4090090DE0C /* LPNewsPagerController.m in Sources */ = {isa = PBXBuildFile; fileRef = 04066A3E1F26F4090090DE0C /* LPNewsPagerController.m */; };
		04066A421F26F5680090DE0C /* LPNewsListController.m in Sources */ = {isa = PBXBuildFile; fileRef = 04066A411F26F5680090DE0C /* LPNewsListController.m */; };
		04066A461F26F75B0090DE0C /* News.css in Resources */ = {isa = PBXBuildFile; fileRef = 04066A441F26F75B0090DE0C /* News.css */; };
		04066A471F26F75B0090DE0C /* NewsInfo.plist in Resources */ = {isa = PBXBuildFile; fileRef = 04066A451F26F75B0090DE0C /* NewsInfo.plist */; };
		04066A491F272B380090DE0C /* 说明.m in Sources */ = {isa = PBXBuildFile; fileRef = 04066A481F272B380090DE0C /* 说明.m */; };
		044096221F2EC39C00C3742A /* LPNewsDetailController.m in Sources */ = {isa = PBXBuildFile; fileRef = 044096211F2EC39C00C3742A /* LPNewsDetailController.m */; };
		044096261F2EC45300C3742A /* LPNewsTitleHeaderView.m in Sources */ = {isa = PBXBuildFile; fileRef = 044096241F2EC45300C3742A /* LPNewsTitleHeaderView.m */; };
		044096271F2EC45300C3742A /* LPNewsTitleHeaderView.xib in Resources */ = {isa = PBXBuildFile; fileRef = 044096251F2EC45300C3742A /* LPNewsTitleHeaderView.xib */; };
		0440962B1F2EC5A700C3742A /* LPNavigationBarView.m in Sources */ = {isa = PBXBuildFile; fileRef = 044096291F2EC5A700C3742A /* LPNavigationBarView.m */; };
		0440962C1F2EC5A700C3742A /* LPNavigationBarView.xib in Resources */ = {isa = PBXBuildFile; fileRef = 0440962A1F2EC5A700C3742A /* LPNavigationBarView.xib */; };
		0440962F1F2EC77700C3742A /* LPNewsTitleSectionView.m in Sources */ = {isa = PBXBuildFile; fileRef = 0440962E1F2EC77700C3742A /* LPNewsTitleSectionView.m */; };
		044096321F2EC79900C3742A /* LPNewsCommentFooterView.m in Sources */ = {isa = PBXBuildFile; fileRef = 044096311F2EC79900C3742A /* LPNewsCommentFooterView.m */; };
		044096351F2EC83000C3742A /* LPNewsCommentController.m in Sources */ = {isa = PBXBuildFile; fileRef = 044096341F2EC83000C3742A /* LPNewsCommentController.m */; };
		044096381F2ECB4200C3742A /* LPNewsCommentCellNode.m in Sources */ = {isa = PBXBuildFile; fileRef = 044096371F2ECB4200C3742A /* LPNewsCommentCellNode.m */; };
		0440963B1F2ECD5200C3742A /* LPNewsReplyCollectNode.m in Sources */ = {isa = PBXBuildFile; fileRef = 0440963A1F2ECD5200C3742A /* LPNewsReplyCollectNode.m */; };
		0440963E1F2ECD6D00C3742A /* LPNewsReplyNode.m in Sources */ = {isa = PBXBuildFile; fileRef = 0440963D1F2ECD6D00C3742A /* LPNewsReplyNode.m */; };
		044096411F2ECEA700C3742A /* LPWebCellNode.m in Sources */ = {isa = PBXBuildFile; fileRef = 044096401F2ECEA700C3742A /* LPWebCellNode.m */; };
		044096441F2ECEEF00C3742A /* LPNewsFavorCellNode.m in Sources */ = {isa = PBXBuildFile; fileRef = 044096431F2ECEEF00C3742A /* LPNewsFavorCellNode.m */; };
		044096471F2ECF0A00C3742A /* LPNewsBreifCellNode.m in Sources */ = {isa = PBXBuildFile; fileRef = 044096461F2ECF0A00C3742A /* LPNewsBreifCellNode.m */; };
		0440964B1F2ECF6B00C3742A /* LPWebViewController.m in Sources */ = {isa = PBXBuildFile; fileRef = 0440964A1F2ECF6B00C3742A /* LPWebViewController.m */; };
		046E599C1F28251E0067B1B7 /* LPRefreshGifHeader.m in Sources */ = {isa = PBXBuildFile; fileRef = 046E599B1F28251E0067B1B7 /* LPRefreshGifHeader.m */; };
		046E599F1F2827B00067B1B7 /* LPNewsInfoModel.m in Sources */ = {isa = PBXBuildFile; fileRef = 046E599E1F2827B00067B1B7 /* LPNewsInfoModel.m */; };
		046E59A21F2827EC0067B1B7 /* LPNewsBaseCellNode.m in Sources */ = {isa = PBXBuildFile; fileRef = 046E59A11F2827EC0067B1B7 /* LPNewsBaseCellNode.m */; };
		046E59A51F2828B70067B1B7 /* LPNewsImageTitleCellNode.m in Sources */ = {isa = PBXBuildFile; fileRef = 046E59A41F2828B70067B1B7 /* LPNewsImageTitleCellNode.m */; };
		046E59A81F2829A50067B1B7 /* NSString+LPImageURL.m in Sources */ = {isa = PBXBuildFile; fileRef = 046E59A71F2829A50067B1B7 /* NSString+LPImageURL.m */; };
		046E59AC1F2838320067B1B7 /* LPNewsImageCellNode.m in Sources */ = {isa = PBXBuildFile; fileRef = 046E59AB1F2838320067B1B7 /* LPNewsImageCellNode.m */; };
		046E59AF1F2838CE0067B1B7 /* LPNewsCellNode.m in Sources */ = {isa = PBXBuildFile; fileRef = 046E59AE1F2838CE0067B1B7 /* LPNewsCellNode.m */; };
		046E59B61F283AEA0067B1B7 /* LPLoadFailedView.m in Sources */ = {isa = PBXBuildFile; fileRef = 046E59B11F283AEA0067B1B7 /* LPLoadFailedView.m */; };
		046E59B71F283AEA0067B1B7 /* LPLoadFailedView.xib in Resources */ = {isa = PBXBuildFile; fileRef = 046E59B21F283AEA0067B1B7 /* LPLoadFailedView.xib */; };
		046E59B81F283AEA0067B1B7 /* LPLoadingView.m in Sources */ = {isa = PBXBuildFile; fileRef = 046E59B41F283AEA0067B1B7 /* LPLoadingView.m */; };
		046E59B91F283AEA0067B1B7 /* LPLoadingView.xib in Resources */ = {isa = PBXBuildFile; fileRef = 046E59B51F283AEA0067B1B7 /* LPLoadingView.xib */; };
		046E59BE1F283BFA0067B1B7 /* LPNewsViewModel.m in Sources */ = {isa = PBXBuildFile; fileRef = 046E59BD1F283BFA0067B1B7 /* LPNewsViewModel.m */; };
		046E59C31F283E540067B1B7 /* LPNewsDetailModel.m in Sources */ = {isa = PBXBuildFile; fileRef = 046E59C21F283E540067B1B7 /* LPNewsDetailModel.m */; };
		046E59C61F283E5E0067B1B7 /* LPNewsCommentModel.m in Sources */ = {isa = PBXBuildFile; fileRef = 046E59C51F283E5E0067B1B7 /* LPNewsCommentModel.m */; };
		A94396A478DA796E46690AF1 /* libPods-JXLovePlayNews.a in Frameworks */ = {isa = PBXBuildFile; fileRef = 2434FB00B553088FF3E33DE8 /* libPods-JXLovePlayNews.a */; };
/* End PBXBuildFile section */

/* Begin PBXFileReference section */
		040669B11F26E6410090DE0C /* JXLovePlayNews.app */ = {isa = PBXFileReference; explicitFileType = wrapper.application; includeInIndex = 0; path = JXLovePlayNews.app; sourceTree = BUILT_PRODUCTS_DIR; };
		040669B51F26E6410090DE0C /* main.m */ = {isa = PBXFileReference; lastKnownFileType = sourcecode.c.objc; path = main.m; sourceTree = "<group>"; };
		040669B71F26E6410090DE0C /* AppDelegate.h */ = {isa = PBXFileReference; lastKnownFileType = sourcecode.c.h; path = AppDelegate.h; sourceTree = "<group>"; };
		040669B81F26E6410090DE0C /* AppDelegate.m */ = {isa = PBXFileReference; lastKnownFileType = sourcecode.c.objc; path = AppDelegate.m; sourceTree = "<group>"; };
		040669C01F26E6410090DE0C /* Assets.xcassets */ = {isa = PBXFileReference; lastKnownFileType = folder.assetcatalog; path = Assets.xcassets; sourceTree = "<group>"; };
		040669C31F26E6410090DE0C /* Base */ = {isa = PBXFileReference; lastKnownFileType = file.storyboard; name = Base; path = Base.lproj/LaunchScreen.storyboard; sourceTree = "<group>"; };
		040669C51F26E6410090DE0C /* Info.plist */ = {isa = PBXFileReference; lastKnownFileType = text.plist.xml; path = Info.plist; sourceTree = "<group>"; };
		040669CF1F26E68E0090DE0C /* NSData+Base64.h */ = {isa = PBXFileReference; fileEncoding = 4; lastKnownFileType = sourcecode.c.h; path = "NSData+Base64.h"; sourceTree = "<group>"; };
		040669D01F26E68E0090DE0C /* NSData+Base64.m */ = {isa = PBXFileReference; fileEncoding = 4; lastKnownFileType = sourcecode.c.objc; path = "NSData+Base64.m"; sourceTree = "<group>"; };
		040669D11F26E68E0090DE0C /* NSData+Encrypt.h */ = {isa = PBXFileReference; fileEncoding = 4; lastKnownFileType = sourcecode.c.h; path = "NSData+Encrypt.h"; sourceTree = "<group>"; };
		040669D21F26E68E0090DE0C /* NSData+Encrypt.m */ = {isa = PBXFileReference; fileEncoding = 4; lastKnownFileType = sourcecode.c.objc; path = "NSData+Encrypt.m"; sourceTree = "<group>"; };
		040669D41F26E68F0090DE0C /* NSDate+Compare.h */ = {isa = PBXFileReference; fileEncoding = 4; lastKnownFileType = sourcecode.c.h; path = "NSDate+Compare.h"; sourceTree = "<group>"; };
		040669D51F26E68F0090DE0C /* NSDate+Compare.m */ = {isa = PBXFileReference; fileEncoding = 4; lastKnownFileType = sourcecode.c.objc; path = "NSDate+Compare.m"; sourceTree = "<group>"; };
		040669D71F26E68F0090DE0C /* NSString+Base64.h */ = {isa = PBXFileReference; fileEncoding = 4; lastKnownFileType = sourcecode.c.h; path = "NSString+Base64.h"; sourceTree = "<group>"; };
		040669D81F26E68F0090DE0C /* NSString+Base64.m */ = {isa = PBXFileReference; fileEncoding = 4; lastKnownFileType = sourcecode.c.objc; path = "NSString+Base64.m"; sourceTree = "<group>"; };
		040669D91F26E68F0090DE0C /* NSString+Encrypt.h */ = {isa = PBXFileReference; fileEncoding = 4; lastKnownFileType = sourcecode.c.h; path = "NSString+Encrypt.h"; sourceTree = "<group>"; };
		040669DA1F26E68F0090DE0C /* NSString+Encrypt.m */ = {isa = PBXFileReference; fileEncoding = 4; lastKnownFileType = sourcecode.c.objc; path = "NSString+Encrypt.m"; sourceTree = "<group>"; };
		040669DB1F26E68F0090DE0C /* NSString+MD5.h */ = {isa = PBXFileReference; fileEncoding = 4; lastKnownFileType = sourcecode.c.h; path = "NSString+MD5.h"; sourceTree = "<group>"; };
		040669DC1F26E68F0090DE0C /* NSString+MD5.m */ = {isa = PBXFileReference; fileEncoding = 4; lastKnownFileType = sourcecode.c.objc; path = "NSString+MD5.m"; sourceTree = "<group>"; };
		040669DD1F26E68F0090DE0C /* NSString+Pinyin.h */ = {isa = PBXFileReference; fileEncoding = 4; lastKnownFileType = sourcecode.c.h; path = "NSString+Pinyin.h"; sourceTree = "<group>"; };
		040669DE1F26E68F0090DE0C /* NSString+Pinyin.m */ = {isa = PBXFileReference; fileEncoding = 4; lastKnownFileType = sourcecode.c.objc; path = "NSString+Pinyin.m"; sourceTree = "<group>"; };
		040669DF1F26E68F0090DE0C /* NSString+Size.h */ = {isa = PBXFileReference; fileEncoding = 4; lastKnownFileType = sourcecode.c.h; path = "NSString+Size.h"; sourceTree = "<group>"; };
		040669E01F26E68F0090DE0C /* NSString+Size.m */ = {isa = PBXFileReference; fileEncoding = 4; lastKnownFileType = sourcecode.c.objc; path = "NSString+Size.m"; sourceTree = "<group>"; };
		040669E21F26E68F0090DE0C /* NSDictionary+Params.h */ = {isa = PBXFileReference; fileEncoding = 4; lastKnownFileType = sourcecode.c.h; path = "NSDictionary+Params.h"; sourceTree = "<group>"; };
		040669E31F26E68F0090DE0C /* NSDictionary+Params.m */ = {isa = PBXFileReference; fileEncoding = 4; lastKnownFileType = sourcecode.c.objc; path = "NSDictionary+Params.m"; sourceTree = "<group>"; };
		040669E41F26E68F0090DE0C /* NSURL+Parameters.h */ = {isa = PBXFileReference; fileEncoding = 4; lastKnownFileType = sourcecode.c.h; path = "NSURL+Parameters.h"; sourceTree = "<group>"; };
		040669E51F26E68F0090DE0C /* NSURL+Parameters.m */ = {isa = PBXFileReference; fileEncoding = 4; lastKnownFileType = sourcecode.c.objc; path = "NSURL+Parameters.m"; sourceTree = "<group>"; };
		040669E71F26E68F0090DE0C /* UIBarButtonItem+Item.h */ = {isa = PBXFileReference; fileEncoding = 4; lastKnownFileType = sourcecode.c.h; path = "UIBarButtonItem+Item.h"; sourceTree = "<group>"; };
		040669E81F26E68F0090DE0C /* UIBarButtonItem+Item.m */ = {isa = PBXFileReference; fileEncoding = 4; lastKnownFileType = sourcecode.c.objc; path = "UIBarButtonItem+Item.m"; sourceTree = "<group>"; };
		040669EA1F26E68F0090DE0C /* UIColor+Hex.h */ = {isa = PBXFileReference; fileEncoding = 4; lastKnownFileType = sourcecode.c.h; path = "UIColor+Hex.h"; sourceTree = "<group>"; };
		040669EB1F26E68F0090DE0C /* UIColor+Hex.m */ = {isa = PBXFileReference; fileEncoding = 4; lastKnownFileType = sourcecode.c.objc; path = "UIColor+Hex.m"; sourceTree = "<group>"; };
		040669ED1F26E68F0090DE0C /* UIImage+Clip.h */ = {isa = PBXFileReference; fileEncoding = 4; lastKnownFileType = sourcecode.c.h; path = "UIImage+Clip.h"; sourceTree = "<group>"; };
		040669EE1F26E68F0090DE0C /* UIImage+Clip.m */ = {isa = PBXFileReference; fileEncoding = 4; lastKnownFileType = sourcecode.c.objc; path = "UIImage+Clip.m"; sourceTree = "<group>"; };
		040669EF1F26E68F0090DE0C /* UIImage+Color.h */ = {isa = PBXFileReference; fileEncoding = 4; lastKnownFileType = sourcecode.c.h; path = "UIImage+Color.h"; sourceTree = "<group>"; };
		040669F01F26E68F0090DE0C /* UIImage+Color.m */ = {isa = PBXFileReference; fileEncoding = 4; lastKnownFileType = sourcecode.c.objc; path = "UIImage+Color.m"; sourceTree = "<group>"; };
		040669F11F26E68F0090DE0C /* UIImage+Size.h */ = {isa = PBXFileReference; fileEncoding = 4; lastKnownFileType = sourcecode.c.h; path = "UIImage+Size.h"; sourceTree = "<group>"; };
		040669F21F26E68F0090DE0C /* UIImage+Size.m */ = {isa = PBXFileReference; fileEncoding = 4; lastKnownFileType = sourcecode.c.objc; path = "UIImage+Size.m"; sourceTree = "<group>"; };
		040669F31F26E68F0090DE0C /* UIImage+Snap.h */ = {isa = PBXFileReference; fileEncoding = 4; lastKnownFileType = sourcecode.c.h; path = "UIImage+Snap.h"; sourceTree = "<group>"; };
		040669F41F26E68F0090DE0C /* UIImage+Snap.m */ = {isa = PBXFileReference; fileEncoding = 4; lastKnownFileType = sourcecode.c.objc; path = "UIImage+Snap.m"; sourceTree = "<group>"; };
		040669F51F26E68F0090DE0C /* UIImage+TYLaunchImage.h */ = {isa = PBXFileReference; fileEncoding = 4; lastKnownFileType = sourcecode.c.h; path = "UIImage+TYLaunchImage.h"; sourceTree = "<group>"; };
		040669F61F26E68F0090DE0C /* UIImage+TYLaunchImage.m */ = {isa = PBXFileReference; fileEncoding = 4; lastKnownFileType = sourcecode.c.objc; path = "UIImage+TYLaunchImage.m"; sourceTree = "<group>"; };
		040669F81F26E68F0090DE0C /* UITabBarController+AddChildVC.h */ = {isa = PBXFileReference; fileEncoding = 4; lastKnownFileType = sourcecode.c.h; path = "UITabBarController+AddChildVC.h"; sourceTree = "<group>"; };
		040669F91F26E68F0090DE0C /* UITabBarController+addChildVC.m */ = {isa = PBXFileReference; fileEncoding = 4; lastKnownFileType = sourcecode.c.objc; path = "UITabBarController+addChildVC.m"; sourceTree = "<group>"; };
		040669FB1F26E68F0090DE0C /* UIView+Frame.h */ = {isa = PBXFileReference; fileEncoding = 4; lastKnownFileType = sourcecode.c.h; path = "UIView+Frame.h"; sourceTree = "<group>"; };
		040669FC1F26E68F0090DE0C /* UIView+Frame.m */ = {isa = PBXFileReference; fileEncoding = 4; lastKnownFileType = sourcecode.c.objc; path = "UIView+Frame.m"; sourceTree = "<group>"; };
		040669FD1F26E68F0090DE0C /* UIView+Nib.h */ = {isa = PBXFileReference; fileEncoding = 4; lastKnownFileType = sourcecode.c.h; path = "UIView+Nib.h"; sourceTree = "<group>"; };
		040669FE1F26E68F0090DE0C /* UIView+Nib.m */ = {isa = PBXFileReference; fileEncoding = 4; lastKnownFileType = sourcecode.c.objc; path = "UIView+Nib.m"; sourceTree = "<group>"; };
		040669FF1F26E68F0090DE0C /* UIView+ViewController.h */ = {isa = PBXFileReference; fileEncoding = 4; lastKnownFileType = sourcecode.c.h; path = "UIView+ViewController.h"; sourceTree = "<group>"; };
		04066A001F26E68F0090DE0C /* UIView+ViewController.m */ = {isa = PBXFileReference; fileEncoding = 4; lastKnownFileType = sourcecode.c.objc; path = "UIView+ViewController.m"; sourceTree = "<group>"; };
		04066A011F26E68F0090DE0C /* Common.h */ = {isa = PBXFileReference; fileEncoding = 4; lastKnownFileType = sourcecode.c.h; name = Common.h; path = ../Common.h; sourceTree = "<group>"; };
		04066A041F26E68F0090DE0C /* LPADLaunchController.h */ = {isa = PBXFileReference; fileEncoding = 4; lastKnownFileType = sourcecode.c.h; path = LPADLaunchController.h; sourceTree = "<group>"; };
		04066A051F26E68F0090DE0C /* LPADLaunchController.m */ = {isa = PBXFileReference; fileEncoding = 4; lastKnownFileType = sourcecode.c.objc; path = LPADLaunchController.m; sourceTree = "<group>"; };
		04066A061F26E68F0090DE0C /* LPNavigationController.h */ = {isa = PBXFileReference; fileEncoding = 4; lastKnownFileType = sourcecode.c.h; path = LPNavigationController.h; sourceTree = "<group>"; };
		04066A071F26E68F0090DE0C /* LPNavigationController.m */ = {isa = PBXFileReference; fileEncoding = 4; lastKnownFileType = sourcecode.c.objc; path = LPNavigationController.m; sourceTree = "<group>"; };
		04066A081F26E68F0090DE0C /* LPTabBarController.h */ = {isa = PBXFileReference; fileEncoding = 4; lastKnownFileType = sourcecode.c.h; path = LPTabBarController.h; sourceTree = "<group>"; };
		04066A091F26E68F0090DE0C /* LPTabBarController.m */ = {isa = PBXFileReference; fileEncoding = 4; lastKnownFileType = sourcecode.c.objc; path = LPTabBarController.m; sourceTree = "<group>"; };
		04066A0C1F26E68F0090DE0C /* LPADLaunchView.h */ = {isa = PBXFileReference; fileEncoding = 4; lastKnownFileType = sourcecode.c.h; path = LPADLaunchView.h; sourceTree = "<group>"; };
		04066A0D1F26E68F0090DE0C /* LPADLaunchView.m */ = {isa = PBXFileReference; fileEncoding = 4; lastKnownFileType = sourcecode.c.objc; path = LPADLaunchView.m; sourceTree = "<group>"; };
		04066A3C1F26E74C0090DE0C /* JXLovePlayNews.pch */ = {isa = PBXFileReference; lastKnownFileType = sourcecode.c.h; path = JXLovePlayNews.pch; sourceTree = "<group>"; };
		04066A3D1F26F4090090DE0C /* LPNewsPagerController.h */ = {isa = PBXFileReference; fileEncoding = 4; lastKnownFileType = sourcecode.c.h; path = LPNewsPagerController.h; sourceTree = "<group>"; };
		04066A3E1F26F4090090DE0C /* LPNewsPagerController.m */ = {isa = PBXFileReference; fileEncoding = 4; lastKnownFileType = sourcecode.c.objc; path = LPNewsPagerController.m; sourceTree = "<group>"; };
		04066A401F26F5680090DE0C /* LPNewsListController.h */ = {isa = PBXFileReference; fileEncoding = 4; lastKnownFileType = sourcecode.c.h; path = LPNewsListController.h; sourceTree = "<group>"; };
		04066A411F26F5680090DE0C /* LPNewsListController.m */ = {isa = PBXFileReference; fileEncoding = 4; lastKnownFileType = sourcecode.c.objc; path = LPNewsListController.m; sourceTree = "<group>"; };
		04066A441F26F75B0090DE0C /* News.css */ = {isa = PBXFileReference; fileEncoding = 4; lastKnownFileType = text.css; path = News.css; sourceTree = "<group>"; };
		04066A451F26F75B0090DE0C /* NewsInfo.plist */ = {isa = PBXFileReference; fileEncoding = 4; lastKnownFileType = text.plist.xml; path = NewsInfo.plist; sourceTree = "<group>"; };
		04066A481F272B380090DE0C /* 说明.m */ = {isa = PBXFileReference; fileEncoding = 4; lastKnownFileType = sourcecode.c.objc; path = "说明.m"; sourceTree = "<group>"; };
		044096201F2EC39C00C3742A /* LPNewsDetailController.h */ = {isa = PBXFileReference; fileEncoding = 4; lastKnownFileType = sourcecode.c.h; path = LPNewsDetailController.h; sourceTree = "<group>"; };
		044096211F2EC39C00C3742A /* LPNewsDetailController.m */ = {isa = PBXFileReference; fileEncoding = 4; lastKnownFileType = sourcecode.c.objc; path = LPNewsDetailController.m; sourceTree = "<group>"; };
		044096231F2EC45300C3742A /* LPNewsTitleHeaderView.h */ = {isa = PBXFileReference; fileEncoding = 4; lastKnownFileType = sourcecode.c.h; path = LPNewsTitleHeaderView.h; sourceTree = "<group>"; };
		044096241F2EC45300C3742A /* LPNewsTitleHeaderView.m */ = {isa = PBXFileReference; fileEncoding = 4; lastKnownFileType = sourcecode.c.objc; path = LPNewsTitleHeaderView.m; sourceTree = "<group>"; };
		044096251F2EC45300C3742A /* LPNewsTitleHeaderView.xib */ = {isa = PBXFileReference; fileEncoding = 4; lastKnownFileType = file.xib; path = LPNewsTitleHeaderView.xib; sourceTree = "<group>"; };
		044096281F2EC5A700C3742A /* LPNavigationBarView.h */ = {isa = PBXFileReference; fileEncoding = 4; lastKnownFileType = sourcecode.c.h; path = LPNavigationBarView.h; sourceTree = "<group>"; };
		044096291F2EC5A700C3742A /* LPNavigationBarView.m */ = {isa = PBXFileReference; fileEncoding = 4; lastKnownFileType = sourcecode.c.objc; path = LPNavigationBarView.m; sourceTree = "<group>"; };
		0440962A1F2EC5A700C3742A /* LPNavigationBarView.xib */ = {isa = PBXFileReference; fileEncoding = 4; lastKnownFileType = file.xib; path = LPNavigationBarView.xib; sourceTree = "<group>"; };
		0440962D1F2EC77700C3742A /* LPNewsTitleSectionView.h */ = {isa = PBXFileReference; fileEncoding = 4; lastKnownFileType = sourcecode.c.h; path = LPNewsTitleSectionView.h; sourceTree = "<group>"; };
		0440962E1F2EC77700C3742A /* LPNewsTitleSectionView.m */ = {isa = PBXFileReference; fileEncoding = 4; lastKnownFileType = sourcecode.c.objc; path = LPNewsTitleSectionView.m; sourceTree = "<group>"; };
		044096301F2EC79900C3742A /* LPNewsCommentFooterView.h */ = {isa = PBXFileReference; fileEncoding = 4; lastKnownFileType = sourcecode.c.h; path = LPNewsCommentFooterView.h; sourceTree = "<group>"; };
		044096311F2EC79900C3742A /* LPNewsCommentFooterView.m */ = {isa = PBXFileReference; fileEncoding = 4; lastKnownFileType = sourcecode.c.objc; path = LPNewsCommentFooterView.m; sourceTree = "<group>"; };
		044096331F2EC83000C3742A /* LPNewsCommentController.h */ = {isa = PBXFileReference; fileEncoding = 4; lastKnownFileType = sourcecode.c.h; path = LPNewsCommentController.h; sourceTree = "<group>"; };
		044096341F2EC83000C3742A /* LPNewsCommentController.m */ = {isa = PBXFileReference; fileEncoding = 4; lastKnownFileType = sourcecode.c.objc; path = LPNewsCommentController.m; sourceTree = "<group>"; };
		044096361F2ECB4200C3742A /* LPNewsCommentCellNode.h */ = {isa = PBXFileReference; fileEncoding = 4; lastKnownFileType = sourcecode.c.h; path = LPNewsCommentCellNode.h; sourceTree = "<group>"; };
		044096371F2ECB4200C3742A /* LPNewsCommentCellNode.m */ = {isa = PBXFileReference; fileEncoding = 4; lastKnownFileType = sourcecode.c.objc; path = LPNewsCommentCellNode.m; sourceTree = "<group>"; };
		044096391F2ECD5200C3742A /* LPNewsReplyCollectNode.h */ = {isa = PBXFileReference; fileEncoding = 4; lastKnownFileType = sourcecode.c.h; path = LPNewsReplyCollectNode.h; sourceTree = "<group>"; };
		0440963A1F2ECD5200C3742A /* LPNewsReplyCollectNode.m */ = {isa = PBXFileReference; fileEncoding = 4; lastKnownFileType = sourcecode.c.objc; path = LPNewsReplyCollectNode.m; sourceTree = "<group>"; };
		0440963C1F2ECD6D00C3742A /* LPNewsReplyNode.h */ = {isa = PBXFileReference; fileEncoding = 4; lastKnownFileType = sourcecode.c.h; path = LPNewsReplyNode.h; sourceTree = "<group>"; };
		0440963D1F2ECD6D00C3742A /* LPNewsReplyNode.m */ = {isa = PBXFileReference; fileEncoding = 4; lastKnownFileType = sourcecode.c.objc; path = LPNewsReplyNode.m; sourceTree = "<group>"; };
		0440963F1F2ECEA700C3742A /* LPWebCellNode.h */ = {isa = PBXFileReference; fileEncoding = 4; lastKnownFileType = sourcecode.c.h; path = LPWebCellNode.h; sourceTree = "<group>"; };
		044096401F2ECEA700C3742A /* LPWebCellNode.m */ = {isa = PBXFileReference; fileEncoding = 4; lastKnownFileType = sourcecode.c.objc; path = LPWebCellNode.m; sourceTree = "<group>"; };
		044096421F2ECEEF00C3742A /* LPNewsFavorCellNode.h */ = {isa = PBXFileReference; fileEncoding = 4; lastKnownFileType = sourcecode.c.h; path = LPNewsFavorCellNode.h; sourceTree = "<group>"; };
		044096431F2ECEEF00C3742A /* LPNewsFavorCellNode.m */ = {isa = PBXFileReference; fileEncoding = 4; lastKnownFileType = sourcecode.c.objc; path = LPNewsFavorCellNode.m; sourceTree = "<group>"; };
		044096451F2ECF0A00C3742A /* LPNewsBreifCellNode.h */ = {isa = PBXFileReference; fileEncoding = 4; lastKnownFileType = sourcecode.c.h; path = LPNewsBreifCellNode.h; sourceTree = "<group>"; };
		044096461F2ECF0A00C3742A /* LPNewsBreifCellNode.m */ = {isa = PBXFileReference; fileEncoding = 4; lastKnownFileType = sourcecode.c.objc; path = LPNewsBreifCellNode.m; sourceTree = "<group>"; };
		044096491F2ECF6B00C3742A /* LPWebViewController.h */ = {isa = PBXFileReference; fileEncoding = 4; lastKnownFileType = sourcecode.c.h; path = LPWebViewController.h; sourceTree = "<group>"; };
		0440964A1F2ECF6B00C3742A /* LPWebViewController.m */ = {isa = PBXFileReference; fileEncoding = 4; lastKnownFileType = sourcecode.c.objc; path = LPWebViewController.m; sourceTree = "<group>"; };
		046E599A1F28251E0067B1B7 /* LPRefreshGifHeader.h */ = {isa = PBXFileReference; fileEncoding = 4; lastKnownFileType = sourcecode.c.h; path = LPRefreshGifHeader.h; sourceTree = "<group>"; };
		046E599B1F28251E0067B1B7 /* LPRefreshGifHeader.m */ = {isa = PBXFileReference; fileEncoding = 4; lastKnownFileType = sourcecode.c.objc; path = LPRefreshGifHeader.m; sourceTree = "<group>"; };
		046E599D1F2827B00067B1B7 /* LPNewsInfoModel.h */ = {isa = PBXFileReference; fileEncoding = 4; lastKnownFileType = sourcecode.c.h; path = LPNewsInfoModel.h; sourceTree = "<group>"; };
		046E599E1F2827B00067B1B7 /* LPNewsInfoModel.m */ = {isa = PBXFileReference; fileEncoding = 4; lastKnownFileType = sourcecode.c.objc; path = LPNewsInfoModel.m; sourceTree = "<group>"; };
		046E59A01F2827EC0067B1B7 /* LPNewsBaseCellNode.h */ = {isa = PBXFileReference; fileEncoding = 4; lastKnownFileType = sourcecode.c.h; path = LPNewsBaseCellNode.h; sourceTree = "<group>"; };
		046E59A11F2827EC0067B1B7 /* LPNewsBaseCellNode.m */ = {isa = PBXFileReference; fileEncoding = 4; lastKnownFileType = sourcecode.c.objc; path = LPNewsBaseCellNode.m; sourceTree = "<group>"; };
		046E59A31F2828B70067B1B7 /* LPNewsImageTitleCellNode.h */ = {isa = PBXFileReference; fileEncoding = 4; lastKnownFileType = sourcecode.c.h; path = LPNewsImageTitleCellNode.h; sourceTree = "<group>"; };
		046E59A41F2828B70067B1B7 /* LPNewsImageTitleCellNode.m */ = {isa = PBXFileReference; fileEncoding = 4; lastKnownFileType = sourcecode.c.objc; path = LPNewsImageTitleCellNode.m; sourceTree = "<group>"; };
		046E59A61F2829A50067B1B7 /* NSString+LPImageURL.h */ = {isa = PBXFileReference; fileEncoding = 4; lastKnownFileType = sourcecode.c.h; path = "NSString+LPImageURL.h"; sourceTree = "<group>"; };
		046E59A71F2829A50067B1B7 /* NSString+LPImageURL.m */ = {isa = PBXFileReference; fileEncoding = 4; lastKnownFileType = sourcecode.c.objc; path = "NSString+LPImageURL.m"; sourceTree = "<group>"; };
		046E59A91F282A1B0067B1B7 /* Class_Basic.h */ = {isa = PBXFileReference; lastKnownFileType = sourcecode.c.h; name = Class_Basic.h; path = ../Class_Basic.h; sourceTree = "<group>"; };
		046E59AA1F2838320067B1B7 /* LPNewsImageCellNode.h */ = {isa = PBXFileReference; fileEncoding = 4; lastKnownFileType = sourcecode.c.h; path = LPNewsImageCellNode.h; sourceTree = "<group>"; };
		046E59AB1F2838320067B1B7 /* LPNewsImageCellNode.m */ = {isa = PBXFileReference; fileEncoding = 4; lastKnownFileType = sourcecode.c.objc; path = LPNewsImageCellNode.m; sourceTree = "<group>"; };
		046E59AD1F2838CE0067B1B7 /* LPNewsCellNode.h */ = {isa = PBXFileReference; fileEncoding = 4; lastKnownFileType = sourcecode.c.h; path = LPNewsCellNode.h; sourceTree = "<group>"; };
		046E59AE1F2838CE0067B1B7 /* LPNewsCellNode.m */ = {isa = PBXFileReference; fileEncoding = 4; lastKnownFileType = sourcecode.c.objc; path = LPNewsCellNode.m; sourceTree = "<group>"; };
		046E59B01F283AEA0067B1B7 /* LPLoadFailedView.h */ = {isa = PBXFileReference; fileEncoding = 4; lastKnownFileType = sourcecode.c.h; path = LPLoadFailedView.h; sourceTree = "<group>"; };
		046E59B11F283AEA0067B1B7 /* LPLoadFailedView.m */ = {isa = PBXFileReference; fileEncoding = 4; lastKnownFileType = sourcecode.c.objc; path = LPLoadFailedView.m; sourceTree = "<group>"; };
		046E59B21F283AEA0067B1B7 /* LPLoadFailedView.xib */ = {isa = PBXFileReference; fileEncoding = 4; lastKnownFileType = file.xib; path = LPLoadFailedView.xib; sourceTree = "<group>"; };
		046E59B31F283AEA0067B1B7 /* LPLoadingView.h */ = {isa = PBXFileReference; fileEncoding = 4; lastKnownFileType = sourcecode.c.h; path = LPLoadingView.h; sourceTree = "<group>"; };
		046E59B41F283AEA0067B1B7 /* LPLoadingView.m */ = {isa = PBXFileReference; fileEncoding = 4; lastKnownFileType = sourcecode.c.objc; path = LPLoadingView.m; sourceTree = "<group>"; };
		046E59B51F283AEA0067B1B7 /* LPLoadingView.xib */ = {isa = PBXFileReference; fileEncoding = 4; lastKnownFileType = file.xib; path = LPLoadingView.xib; sourceTree = "<group>"; };
		046E59BC1F283BFA0067B1B7 /* LPNewsViewModel.h */ = {isa = PBXFileReference; fileEncoding = 4; lastKnownFileType = sourcecode.c.h; path = LPNewsViewModel.h; sourceTree = "<group>"; };
		046E59BD1F283BFA0067B1B7 /* LPNewsViewModel.m */ = {isa = PBXFileReference; fileEncoding = 4; lastKnownFileType = sourcecode.c.objc; path = LPNewsViewModel.m; sourceTree = "<group>"; };
		046E59C01F283C900067B1B7 /* LPRequestURLInfo.h */ = {isa = PBXFileReference; lastKnownFileType = sourcecode.c.h; path = LPRequestURLInfo.h; sourceTree = "<group>"; };
		046E59C11F283E540067B1B7 /* LPNewsDetailModel.h */ = {isa = PBXFileReference; fileEncoding = 4; lastKnownFileType = sourcecode.c.h; path = LPNewsDetailModel.h; sourceTree = "<group>"; };
		046E59C21F283E540067B1B7 /* LPNewsDetailModel.m */ = {isa = PBXFileReference; fileEncoding = 4; lastKnownFileType = sourcecode.c.objc; path = LPNewsDetailModel.m; sourceTree = "<group>"; };
		046E59C41F283E5E0067B1B7 /* LPNewsCommentModel.h */ = {isa = PBXFileReference; fileEncoding = 4; lastKnownFileType = sourcecode.c.h; path = LPNewsCommentModel.h; sourceTree = "<group>"; };
		046E59C51F283E5E0067B1B7 /* LPNewsCommentModel.m */ = {isa = PBXFileReference; fileEncoding = 4; lastKnownFileType = sourcecode.c.objc; path = LPNewsCommentModel.m; sourceTree = "<group>"; };
		2434FB00B553088FF3E33DE8 /* libPods-JXLovePlayNews.a */ = {isa = PBXFileReference; explicitFileType = archive.ar; includeInIndex = 0; path = "libPods-JXLovePlayNews.a"; sourceTree = BUILT_PRODUCTS_DIR; };
		3B7E325F44B923F82386E7A7 /* Pods-JXLovePlayNews.release.xcconfig */ = {isa = PBXFileReference; includeInIndex = 1; lastKnownFileType = text.xcconfig; name = "Pods-JXLovePlayNews.release.xcconfig"; path = "Pods/Target Support Files/Pods-JXLovePlayNews/Pods-JXLovePlayNews.release.xcconfig"; sourceTree = "<group>"; };
		E1F7BB4332FA16E9F56DA599 /* Pods-JXLovePlayNews.debug.xcconfig */ = {isa = PBXFileReference; includeInIndex = 1; lastKnownFileType = text.xcconfig; name = "Pods-JXLovePlayNews.debug.xcconfig"; path = "Pods/Target Support Files/Pods-JXLovePlayNews/Pods-JXLovePlayNews.debug.xcconfig"; sourceTree = "<group>"; };
/* End PBXFileReference section */

/* Begin PBXFrameworksBuildPhase section */
		040669AE1F26E6410090DE0C /* Frameworks */ = {
			isa = PBXFrameworksBuildPhase;
			buildActionMask = 2147483647;
			files = (
				A94396A478DA796E46690AF1 /* libPods-JXLovePlayNews.a in Frameworks */,
			);
			runOnlyForDeploymentPostprocessing = 0;
		};
/* End PBXFrameworksBuildPhase section */

/* Begin PBXGroup section */
		040669A81F26E6410090DE0C = {
			isa = PBXGroup;
			children = (
				040669B31F26E6410090DE0C /* JXLovePlayNews */,
				040669B21F26E6410090DE0C /* Products */,
				E3286954CCCFBFEE3A357046 /* Pods */,
				F8684B32ED14B0F451B6A0DD /* Frameworks */,
			);
			sourceTree = "<group>";
		};
		040669B21F26E6410090DE0C /* Products */ = {
			isa = PBXGroup;
			children = (
				040669B11F26E6410090DE0C /* JXLovePlayNews.app */,
			);
			name = Products;
			sourceTree = "<group>";
		};
		040669B31F26E6410090DE0C /* JXLovePlayNews */ = {
			isa = PBXGroup;
			children = (
				040669CB1F26E68E0090DE0C /* Modeuls */,
				040669B71F26E6410090DE0C /* AppDelegate.h */,
				040669B81F26E6410090DE0C /* AppDelegate.m */,
				040669C01F26E6410090DE0C /* Assets.xcassets */,
				040669C21F26E6410090DE0C /* LaunchScreen.storyboard */,
				040669C51F26E6410090DE0C /* Info.plist */,
				04066A431F26F7500090DE0C /* Source */,
				040669B41F26E6410090DE0C /* Supporting Files */,
			);
			path = JXLovePlayNews;
			sourceTree = "<group>";
		};
		040669B41F26E6410090DE0C /* Supporting Files */ = {
			isa = PBXGroup;
			children = (
				040669B51F26E6410090DE0C /* main.m */,
				04066A3C1F26E74C0090DE0C /* JXLovePlayNews.pch */,
			);
			name = "Supporting Files";
			sourceTree = "<group>";
		};
		040669CB1F26E68E0090DE0C /* Modeuls */ = {
			isa = PBXGroup;
			children = (
				040669CC1F26E68E0090DE0C /* Common */,
				04066A021F26E68F0090DE0C /* Main */,
				04066A111F26E68F0090DE0C /* Mine */,
				04066A151F26E68F0090DE0C /* News */,
				04066A191F26E68F0090DE0C /* Recommend */,
				04066A1D1F26E68F0090DE0C /* Zone */,
			);
			path = Modeuls;
			sourceTree = "<group>";
		};
		040669CC1F26E68E0090DE0C /* Common */ = {
			isa = PBXGroup;
			children = (
				044096481F2ECF4C00C3742A /* Controller */,
				046E59BF1F283C740067B1B7 /* Header */,
				046E59991F2824FA0067B1B7 /* View */,
				04066A481F272B380090DE0C /* 说明.m */,
				040669CD1F26E68E0090DE0C /* Category */,
			);
			path = Common;
			sourceTree = "<group>";
		};
		040669CD1F26E68E0090DE0C /* Category */ = {
			isa = PBXGroup;
			children = (
				040669CE1F26E68E0090DE0C /* NSData */,
				040669D31F26E68E0090DE0C /* NSDate */,
				040669D61F26E68F0090DE0C /* NSString */,
				040669E11F26E68F0090DE0C /* NSURL */,
				040669E61F26E68F0090DE0C /* UIBarButtonItem */,
				040669E91F26E68F0090DE0C /* UIColor */,
				040669EC1F26E68F0090DE0C /* UIImage */,
				040669F71F26E68F0090DE0C /* UITabBarController */,
				040669FA1F26E68F0090DE0C /* UIView */,
			);
			path = Category;
			sourceTree = "<group>";
		};
		040669CE1F26E68E0090DE0C /* NSData */ = {
			isa = PBXGroup;
			children = (
				040669CF1F26E68E0090DE0C /* NSData+Base64.h */,
				040669D01F26E68E0090DE0C /* NSData+Base64.m */,
				040669D11F26E68E0090DE0C /* NSData+Encrypt.h */,
				040669D21F26E68E0090DE0C /* NSData+Encrypt.m */,
			);
			path = NSData;
			sourceTree = "<group>";
		};
		040669D31F26E68E0090DE0C /* NSDate */ = {
			isa = PBXGroup;
			children = (
				040669D41F26E68F0090DE0C /* NSDate+Compare.h */,
				040669D51F26E68F0090DE0C /* NSDate+Compare.m */,
			);
			path = NSDate;
			sourceTree = "<group>";
		};
		040669D61F26E68F0090DE0C /* NSString */ = {
			isa = PBXGroup;
			children = (
				040669D71F26E68F0090DE0C /* NSString+Base64.h */,
				040669D81F26E68F0090DE0C /* NSString+Base64.m */,
				040669D91F26E68F0090DE0C /* NSString+Encrypt.h */,
				040669DA1F26E68F0090DE0C /* NSString+Encrypt.m */,
				040669DB1F26E68F0090DE0C /* NSString+MD5.h */,
				040669DC1F26E68F0090DE0C /* NSString+MD5.m */,
				040669DD1F26E68F0090DE0C /* NSString+Pinyin.h */,
				040669DE1F26E68F0090DE0C /* NSString+Pinyin.m */,
				040669DF1F26E68F0090DE0C /* NSString+Size.h */,
				040669E01F26E68F0090DE0C /* NSString+Size.m */,
				046E59A61F2829A50067B1B7 /* NSString+LPImageURL.h */,
				046E59A71F2829A50067B1B7 /* NSString+LPImageURL.m */,
			);
			path = NSString;
			sourceTree = "<group>";
		};
		040669E11F26E68F0090DE0C /* NSURL */ = {
			isa = PBXGroup;
			children = (
				040669E21F26E68F0090DE0C /* NSDictionary+Params.h */,
				040669E31F26E68F0090DE0C /* NSDictionary+Params.m */,
				040669E41F26E68F0090DE0C /* NSURL+Parameters.h */,
				040669E51F26E68F0090DE0C /* NSURL+Parameters.m */,
			);
			path = NSURL;
			sourceTree = "<group>";
		};
		040669E61F26E68F0090DE0C /* UIBarButtonItem */ = {
			isa = PBXGroup;
			children = (
				040669E71F26E68F0090DE0C /* UIBarButtonItem+Item.h */,
				040669E81F26E68F0090DE0C /* UIBarButtonItem+Item.m */,
			);
			path = UIBarButtonItem;
			sourceTree = "<group>";
		};
		040669E91F26E68F0090DE0C /* UIColor */ = {
			isa = PBXGroup;
			children = (
				040669EA1F26E68F0090DE0C /* UIColor+Hex.h */,
				040669EB1F26E68F0090DE0C /* UIColor+Hex.m */,
			);
			path = UIColor;
			sourceTree = "<group>";
		};
		040669EC1F26E68F0090DE0C /* UIImage */ = {
			isa = PBXGroup;
			children = (
				040669ED1F26E68F0090DE0C /* UIImage+Clip.h */,
				040669EE1F26E68F0090DE0C /* UIImage+Clip.m */,
				040669EF1F26E68F0090DE0C /* UIImage+Color.h */,
				040669F01F26E68F0090DE0C /* UIImage+Color.m */,
				040669F11F26E68F0090DE0C /* UIImage+Size.h */,
				040669F21F26E68F0090DE0C /* UIImage+Size.m */,
				040669F31F26E68F0090DE0C /* UIImage+Snap.h */,
				040669F41F26E68F0090DE0C /* UIImage+Snap.m */,
				040669F51F26E68F0090DE0C /* UIImage+TYLaunchImage.h */,
				040669F61F26E68F0090DE0C /* UIImage+TYLaunchImage.m */,
			);
			path = UIImage;
			sourceTree = "<group>";
		};
		040669F71F26E68F0090DE0C /* UITabBarController */ = {
			isa = PBXGroup;
			children = (
				040669F81F26E68F0090DE0C /* UITabBarController+AddChildVC.h */,
				040669F91F26E68F0090DE0C /* UITabBarController+addChildVC.m */,
			);
			path = UITabBarController;
			sourceTree = "<group>";
		};
		040669FA1F26E68F0090DE0C /* UIView */ = {
			isa = PBXGroup;
			children = (
				040669FB1F26E68F0090DE0C /* UIView+Frame.h */,
				040669FC1F26E68F0090DE0C /* UIView+Frame.m */,
				040669FD1F26E68F0090DE0C /* UIView+Nib.h */,
				040669FE1F26E68F0090DE0C /* UIView+Nib.m */,
				040669FF1F26E68F0090DE0C /* UIView+ViewController.h */,
				04066A001F26E68F0090DE0C /* UIView+ViewController.m */,
			);
			path = UIView;
			sourceTree = "<group>";
		};
		04066A021F26E68F0090DE0C /* Main */ = {
			isa = PBXGroup;
			children = (
				04066A031F26E68F0090DE0C /* Controller */,
				04066A0A1F26E68F0090DE0C /* Model */,
				04066A0B1F26E68F0090DE0C /* View */,
			);
			path = Main;
			sourceTree = "<group>";
		};
		04066A031F26E68F0090DE0C /* Controller */ = {
			isa = PBXGroup;
			children = (
				04066A041F26E68F0090DE0C /* LPADLaunchController.h */,
				04066A051F26E68F0090DE0C /* LPADLaunchController.m */,
				04066A061F26E68F0090DE0C /* LPNavigationController.h */,
				04066A071F26E68F0090DE0C /* LPNavigationController.m */,
				04066A081F26E68F0090DE0C /* LPTabBarController.h */,
				04066A091F26E68F0090DE0C /* LPTabBarController.m */,
			);
			path = Controller;
			sourceTree = "<group>";
		};
		04066A0A1F26E68F0090DE0C /* Model */ = {
			isa = PBXGroup;
			children = (
			);
			path = Model;
			sourceTree = "<group>";
		};
		04066A0B1F26E68F0090DE0C /* View */ = {
			isa = PBXGroup;
			children = (
				04066A0C1F26E68F0090DE0C /* LPADLaunchView.h */,
				04066A0D1F26E68F0090DE0C /* LPADLaunchView.m */,
				044096281F2EC5A700C3742A /* LPNavigationBarView.h */,
				044096291F2EC5A700C3742A /* LPNavigationBarView.m */,
				0440962A1F2EC5A700C3742A /* LPNavigationBarView.xib */,
			);
			path = View;
			sourceTree = "<group>";
		};
		04066A111F26E68F0090DE0C /* Mine */ = {
			isa = PBXGroup;
			children = (
				04066A121F26E68F0090DE0C /* Controller */,
				04066A131F26E68F0090DE0C /* Model */,
				04066A141F26E68F0090DE0C /* View */,
			);
			path = Mine;
			sourceTree = "<group>";
		};
		04066A121F26E68F0090DE0C /* Controller */ = {
			isa = PBXGroup;
			children = (
			);
			path = Controller;
			sourceTree = "<group>";
		};
		04066A131F26E68F0090DE0C /* Model */ = {
			isa = PBXGroup;
			children = (
			);
			path = Model;
			sourceTree = "<group>";
		};
		04066A141F26E68F0090DE0C /* View */ = {
			isa = PBXGroup;
			children = (
			);
			path = View;
			sourceTree = "<group>";
		};
		04066A151F26E68F0090DE0C /* News */ = {
			isa = PBXGroup;
			children = (
				046E59BB1F283BB20067B1B7 /* ViewModel */,
				04066A161F26E68F0090DE0C /* Controller */,
				04066A171F26E68F0090DE0C /* Model */,
				04066A181F26E68F0090DE0C /* View */,
			);
			path = News;
			sourceTree = "<group>";
		};
		04066A161F26E68F0090DE0C /* Controller */ = {
			isa = PBXGroup;
			children = (
				04066A3D1F26F4090090DE0C /* LPNewsPagerController.h */,
				04066A3E1F26F4090090DE0C /* LPNewsPagerController.m */,
				04066A401F26F5680090DE0C /* LPNewsListController.h */,
				04066A411F26F5680090DE0C /* LPNewsListController.m */,
				044096201F2EC39C00C3742A /* LPNewsDetailController.h */,
				044096211F2EC39C00C3742A /* LPNewsDetailController.m */,
				044096331F2EC83000C3742A /* LPNewsCommentController.h */,
				044096341F2EC83000C3742A /* LPNewsCommentController.m */,
			);
			path = Controller;
			sourceTree = "<group>";
		};
		04066A171F26E68F0090DE0C /* Model */ = {
			isa = PBXGroup;
			children = (
				046E599D1F2827B00067B1B7 /* LPNewsInfoModel.h */,
				046E599E1F2827B00067B1B7 /* LPNewsInfoModel.m */,
				046E59C11F283E540067B1B7 /* LPNewsDetailModel.h */,
				046E59C21F283E540067B1B7 /* LPNewsDetailModel.m */,
				046E59C41F283E5E0067B1B7 /* LPNewsCommentModel.h */,
				046E59C51F283E5E0067B1B7 /* LPNewsCommentModel.m */,
			);
			path = Model;
			sourceTree = "<group>";
		};
		04066A181F26E68F0090DE0C /* View */ = {
			isa = PBXGroup;
			children = (
				046E59A01F2827EC0067B1B7 /* LPNewsBaseCellNode.h */,
				046E59A11F2827EC0067B1B7 /* LPNewsBaseCellNode.m */,
				046E59A31F2828B70067B1B7 /* LPNewsImageTitleCellNode.h */,
				046E59A41F2828B70067B1B7 /* LPNewsImageTitleCellNode.m */,
				046E59AA1F2838320067B1B7 /* LPNewsImageCellNode.h */,
				046E59AB1F2838320067B1B7 /* LPNewsImageCellNode.m */,
				046E59AD1F2838CE0067B1B7 /* LPNewsCellNode.h */,
				046E59AE1F2838CE0067B1B7 /* LPNewsCellNode.m */,
				044096231F2EC45300C3742A /* LPNewsTitleHeaderView.h */,
				044096241F2EC45300C3742A /* LPNewsTitleHeaderView.m */,
				044096251F2EC45300C3742A /* LPNewsTitleHeaderView.xib */,
				0440962D1F2EC77700C3742A /* LPNewsTitleSectionView.h */,
				0440962E1F2EC77700C3742A /* LPNewsTitleSectionView.m */,
				044096301F2EC79900C3742A /* LPNewsCommentFooterView.h */,
				044096311F2EC79900C3742A /* LPNewsCommentFooterView.m */,
				044096361F2ECB4200C3742A /* LPNewsCommentCellNode.h */,
				044096371F2ECB4200C3742A /* LPNewsCommentCellNode.m */,
				044096391F2ECD5200C3742A /* LPNewsReplyCollectNode.h */,
				0440963A1F2ECD5200C3742A /* LPNewsReplyCollectNode.m */,
				0440963C1F2ECD6D00C3742A /* LPNewsReplyNode.h */,
				0440963D1F2ECD6D00C3742A /* LPNewsReplyNode.m */,
				0440963F1F2ECEA700C3742A /* LPWebCellNode.h */,
				044096401F2ECEA700C3742A /* LPWebCellNode.m */,
				044096421F2ECEEF00C3742A /* LPNewsFavorCellNode.h */,
				044096431F2ECEEF00C3742A /* LPNewsFavorCellNode.m */,
				044096451F2ECF0A00C3742A /* LPNewsBreifCellNode.h */,
				044096461F2ECF0A00C3742A /* LPNewsBreifCellNode.m */,
			);
			path = View;
			sourceTree = "<group>";
		};
		04066A191F26E68F0090DE0C /* Recommend */ = {
			isa = PBXGroup;
			children = (
				04066A1A1F26E68F0090DE0C /* Controller */,
				04066A1B1F26E68F0090DE0C /* Model */,
				04066A1C1F26E68F0090DE0C /* View */,
			);
			path = Recommend;
			sourceTree = "<group>";
		};
		04066A1A1F26E68F0090DE0C /* Controller */ = {
			isa = PBXGroup;
			children = (
			);
			path = Controller;
			sourceTree = "<group>";
		};
		04066A1B1F26E68F0090DE0C /* Model */ = {
			isa = PBXGroup;
			children = (
			);
			path = Model;
			sourceTree = "<group>";
		};
		04066A1C1F26E68F0090DE0C /* View */ = {
			isa = PBXGroup;
			children = (
			);
			path = View;
			sourceTree = "<group>";
		};
		04066A1D1F26E68F0090DE0C /* Zone */ = {
			isa = PBXGroup;
			children = (
				04066A1E1F26E68F0090DE0C /* Controller */,
				04066A1F1F26E68F0090DE0C /* Model */,
				04066A201F26E68F0090DE0C /* View */,
			);
			path = Zone;
			sourceTree = "<group>";
		};
		04066A1E1F26E68F0090DE0C /* Controller */ = {
			isa = PBXGroup;
			children = (
			);
			path = Controller;
			sourceTree = "<group>";
		};
		04066A1F1F26E68F0090DE0C /* Model */ = {
			isa = PBXGroup;
			children = (
			);
			path = Model;
			sourceTree = "<group>";
		};
		04066A201F26E68F0090DE0C /* View */ = {
			isa = PBXGroup;
			children = (
			);
			path = View;
			sourceTree = "<group>";
		};
		04066A431F26F7500090DE0C /* Source */ = {
			isa = PBXGroup;
			children = (
				04066A441F26F75B0090DE0C /* News.css */,
				04066A451F26F75B0090DE0C /* NewsInfo.plist */,
			);
			path = Source;
			sourceTree = "<group>";
		};
		044096481F2ECF4C00C3742A /* Controller */ = {
			isa = PBXGroup;
			children = (
				044096491F2ECF6B00C3742A /* LPWebViewController.h */,
				0440964A1F2ECF6B00C3742A /* LPWebViewController.m */,
			);
			path = Controller;
			sourceTree = "<group>";
		};
		046E59991F2824FA0067B1B7 /* View */ = {
			isa = PBXGroup;
			children = (
				046E599A1F28251E0067B1B7 /* LPRefreshGifHeader.h */,
				046E599B1F28251E0067B1B7 /* LPRefreshGifHeader.m */,
				046E59B01F283AEA0067B1B7 /* LPLoadFailedView.h */,
				046E59B11F283AEA0067B1B7 /* LPLoadFailedView.m */,
				046E59B21F283AEA0067B1B7 /* LPLoadFailedView.xib */,
				046E59B31F283AEA0067B1B7 /* LPLoadingView.h */,
				046E59B41F283AEA0067B1B7 /* LPLoadingView.m */,
				046E59B51F283AEA0067B1B7 /* LPLoadingView.xib */,
			);
			path = View;
			sourceTree = "<group>";
		};
		046E59BB1F283BB20067B1B7 /* ViewModel */ = {
			isa = PBXGroup;
			children = (
				046E59BC1F283BFA0067B1B7 /* LPNewsViewModel.h */,
				046E59BD1F283BFA0067B1B7 /* LPNewsViewModel.m */,
			);
			path = ViewModel;
			sourceTree = "<group>";
		};
		046E59BF1F283C740067B1B7 /* Header */ = {
			isa = PBXGroup;
			children = (
				04066A011F26E68F0090DE0C /* Common.h */,
				046E59A91F282A1B0067B1B7 /* Class_Basic.h */,
				046E59C01F283C900067B1B7 /* LPRequestURLInfo.h */,
			);
			path = Header;
			sourceTree = "<group>";
		};
		E3286954CCCFBFEE3A357046 /* Pods */ = {
			isa = PBXGroup;
			children = (
				E1F7BB4332FA16E9F56DA599 /* Pods-JXLovePlayNews.debug.xcconfig */,
				3B7E325F44B923F82386E7A7 /* Pods-JXLovePlayNews.release.xcconfig */,
			);
			name = Pods;
			sourceTree = "<group>";
		};
		F8684B32ED14B0F451B6A0DD /* Frameworks */ = {
			isa = PBXGroup;
			children = (
				2434FB00B553088FF3E33DE8 /* libPods-JXLovePlayNews.a */,
			);
			name = Frameworks;
			sourceTree = "<group>";
		};
/* End PBXGroup section */

/* Begin PBXNativeTarget section */
		040669B01F26E6410090DE0C /* JXLovePlayNews */ = {
			isa = PBXNativeTarget;
			buildConfigurationList = 040669C81F26E6410090DE0C /* Build configuration list for PBXNativeTarget "JXLovePlayNews" */;
			buildPhases = (
				51699E48F455829A5F567EAA /* [CP] Check Pods Manifest.lock */,
				040669AD1F26E6410090DE0C /* Sources */,
				040669AE1F26E6410090DE0C /* Frameworks */,
				040669AF1F26E6410090DE0C /* Resources */,
				17D20AD456853B1D4F2EAEFB /* [CP] Embed Pods Frameworks */,
				7EFEDA2B7A0534A9E907F9C8 /* [CP] Copy Pods Resources */,
			);
			buildRules = (
			);
			dependencies = (
			);
			name = JXLovePlayNews;
			productName = JXLovePlayNews;
			productReference = 040669B11F26E6410090DE0C /* JXLovePlayNews.app */;
			productType = "com.apple.product-type.application";
		};
/* End PBXNativeTarget section */

/* Begin PBXProject section */
		040669A91F26E6410090DE0C /* Project object */ = {
			isa = PBXProject;
			attributes = {
				LastUpgradeCheck = 0820;
				ORGANIZATIONNAME = JXIcon;
				TargetAttributes = {
					040669B01F26E6410090DE0C = {
						CreatedOnToolsVersion = 8.2.1;
						DevelopmentTeam = 7TM5A6A2L6;
						ProvisioningStyle = Automatic;
					};
				};
			};
			buildConfigurationList = 040669AC1F26E6410090DE0C /* Build configuration list for PBXProject "JXLovePlayNews" */;
			compatibilityVersion = "Xcode 3.2";
			developmentRegion = English;
			hasScannedForEncodings = 0;
			knownRegions = (
				en,
				Base,
			);
			mainGroup = 040669A81F26E6410090DE0C;
			productRefGroup = 040669B21F26E6410090DE0C /* Products */;
			projectDirPath = "";
			projectRoot = "";
			targets = (
				040669B01F26E6410090DE0C /* JXLovePlayNews */,
			);
		};
/* End PBXProject section */

/* Begin PBXResourcesBuildPhase section */
		040669AF1F26E6410090DE0C /* Resources */ = {
			isa = PBXResourcesBuildPhase;
			buildActionMask = 2147483647;
			files = (
				04066A471F26F75B0090DE0C /* NewsInfo.plist in Resources */,
				044096271F2EC45300C3742A /* LPNewsTitleHeaderView.xib in Resources */,
				046E59B91F283AEA0067B1B7 /* LPLoadingView.xib in Resources */,
				04066A461F26F75B0090DE0C /* News.css in Resources */,
				0440962C1F2EC5A700C3742A /* LPNavigationBarView.xib in Resources */,
				040669C41F26E6410090DE0C /* LaunchScreen.storyboard in Resources */,
				040669C11F26E6410090DE0C /* Assets.xcassets in Resources */,
				046E59B71F283AEA0067B1B7 /* LPLoadFailedView.xib in Resources */,
			);
			runOnlyForDeploymentPostprocessing = 0;
		};
/* End PBXResourcesBuildPhase section */

/* Begin PBXShellScriptBuildPhase section */
		17D20AD456853B1D4F2EAEFB /* [CP] Embed Pods Frameworks */ = {
			isa = PBXShellScriptBuildPhase;
			buildActionMask = 2147483647;
			files = (
			);
			inputPaths = (
			);
			name = "[CP] Embed Pods Frameworks";
			outputPaths = (
			);
			runOnlyForDeploymentPostprocessing = 0;
			shellPath = /bin/sh;
			shellScript = "\"${SRCROOT}/Pods/Target Support Files/Pods-JXLovePlayNews/Pods-JXLovePlayNews-frameworks.sh\"\n";
			showEnvVarsInLog = 0;
		};
		51699E48F455829A5F567EAA /* [CP] Check Pods Manifest.lock */ = {
			isa = PBXShellScriptBuildPhase;
			buildActionMask = 2147483647;
			files = (
			);
			inputPaths = (
			);
			name = "[CP] Check Pods Manifest.lock";
			outputPaths = (
			);
			runOnlyForDeploymentPostprocessing = 0;
			shellPath = /bin/sh;
			shellScript = "diff \"${PODS_PODFILE_DIR_PATH}/Podfile.lock\" \"${PODS_ROOT}/Manifest.lock\" > /dev/null\nif [ $? != 0 ] ; then\n    # print error to STDERR\n    echo \"error: The sandbox is not in sync with the Podfile.lock. Run 'pod install' or update your CocoaPods installation.\" >&2\n    exit 1\nfi\n";
			showEnvVarsInLog = 0;
		};
		7EFEDA2B7A0534A9E907F9C8 /* [CP] Copy Pods Resources */ = {
			isa = PBXShellScriptBuildPhase;
			buildActionMask = 2147483647;
			files = (
			);
			inputPaths = (
			);
			name = "[CP] Copy Pods Resources";
			outputPaths = (
			);
			runOnlyForDeploymentPostprocessing = 0;
			shellPath = /bin/sh;
			shellScript = "\"${SRCROOT}/Pods/Target Support Files/Pods-JXLovePlayNews/Pods-JXLovePlayNews-resources.sh\"\n";
			showEnvVarsInLog = 0;
		};
/* End PBXShellScriptBuildPhase section */

/* Begin PBXSourcesBuildPhase section */
		040669AD1F26E6410090DE0C /* Sources */ = {
			isa = PBXSourcesBuildPhase;
			buildActionMask = 2147483647;
			files = (
				04066A241F26E68F0090DE0C /* NSString+Base64.m in Sources */,
				0440962B1F2EC5A700C3742A /* LPNavigationBarView.m in Sources */,
				046E59C61F283E5E0067B1B7 /* LPNewsCommentModel.m in Sources */,
				044096381F2ECB4200C3742A /* LPNewsCommentCellNode.m in Sources */,
				04066A361F26E68F0090DE0C /* LPADLaunchController.m in Sources */,
				044096351F2EC83000C3742A /* LPNewsCommentController.m in Sources */,
				0440964B1F2ECF6B00C3742A /* LPWebViewController.m in Sources */,
				04066A2F1F26E68F0090DE0C /* UIImage+Size.m in Sources */,
				046E59A51F2828B70067B1B7 /* LPNewsImageTitleCellNode.m in Sources */,
				040669B91F26E6410090DE0C /* AppDelegate.m in Sources */,
				04066A331F26E68F0090DE0C /* UIView+Frame.m in Sources */,
				0440963B1F2ECD5200C3742A /* LPNewsReplyCollectNode.m in Sources */,
				044096261F2EC45300C3742A /* LPNewsTitleHeaderView.m in Sources */,
				046E599F1F2827B00067B1B7 /* LPNewsInfoModel.m in Sources */,
				04066A261F26E68F0090DE0C /* NSString+MD5.m in Sources */,
				04066A421F26F5680090DE0C /* LPNewsListController.m in Sources */,
				04066A271F26E68F0090DE0C /* NSString+Pinyin.m in Sources */,
				04066A2A1F26E68F0090DE0C /* NSURL+Parameters.m in Sources */,
				044096471F2ECF0A00C3742A /* LPNewsBreifCellNode.m in Sources */,
				044096441F2ECEEF00C3742A /* LPNewsFavorCellNode.m in Sources */,
				044096321F2EC79900C3742A /* LPNewsCommentFooterView.m in Sources */,
				0440962F1F2EC77700C3742A /* LPNewsTitleSectionView.m in Sources */,
				04066A2E1F26E68F0090DE0C /* UIImage+Color.m in Sources */,
				04066A281F26E68F0090DE0C /* NSString+Size.m in Sources */,
				0440963E1F2ECD6D00C3742A /* LPNewsReplyNode.m in Sources */,
				044096221F2EC39C00C3742A /* LPNewsDetailController.m in Sources */,
				046E59AC1F2838320067B1B7 /* LPNewsImageCellNode.m in Sources */,
				04066A311F26E68F0090DE0C /* UIImage+TYLaunchImage.m in Sources */,
				04066A391F26E68F0090DE0C /* LPADLaunchView.m in Sources */,
				040669B61F26E6410090DE0C /* main.m in Sources */,
				04066A491F272B380090DE0C /* 说明.m in Sources */,
				04066A2B1F26E68F0090DE0C /* UIBarButtonItem+Item.m in Sources */,
				04066A231F26E68F0090DE0C /* NSDate+Compare.m in Sources */,
				04066A291F26E68F0090DE0C /* NSDictionary+Params.m in Sources */,
				04066A341F26E68F0090DE0C /* UIView+Nib.m in Sources */,
				04066A221F26E68F0090DE0C /* NSData+Encrypt.m in Sources */,
				04066A2C1F26E68F0090DE0C /* UIColor+Hex.m in Sources */,
				04066A2D1F26E68F0090DE0C /* UIImage+Clip.m in Sources */,
				046E59A81F2829A50067B1B7 /* NSString+LPImageURL.m in Sources */,
				04066A371F26E68F0090DE0C /* LPNavigationController.m in Sources */,
				046E59B61F283AEA0067B1B7 /* LPLoadFailedView.m in Sources */,
				044096411F2ECEA700C3742A /* LPWebCellNode.m in Sources */,
				046E59AF1F2838CE0067B1B7 /* LPNewsCellNode.m in Sources */,
				04066A301F26E68F0090DE0C /* UIImage+Snap.m in Sources */,
				046E599C1F28251E0067B1B7 /* LPRefreshGifHeader.m in Sources */,
				04066A351F26E68F0090DE0C /* UIView+ViewController.m in Sources */,
				046E59BE1F283BFA0067B1B7 /* LPNewsViewModel.m in Sources */,
				04066A321F26E68F0090DE0C /* UITabBarController+addChildVC.m in Sources */,
				046E59C31F283E540067B1B7 /* LPNewsDetailModel.m in Sources */,
				04066A211F26E68F0090DE0C /* NSData+Base64.m in Sources */,
				04066A251F26E68F0090DE0C /* NSString+Encrypt.m in Sources */,
				04066A3F1F26F4090090DE0C /* LPNewsPagerController.m in Sources */,
				04066A381F26E68F0090DE0C /* LPTabBarController.m in Sources */,
				046E59A21F2827EC0067B1B7 /* LPNewsBaseCellNode.m in Sources */,
				046E59B81F283AEA0067B1B7 /* LPLoadingView.m in Sources */,
			);
			runOnlyForDeploymentPostprocessing = 0;
		};
/* End PBXSourcesBuildPhase section */

/* Begin PBXVariantGroup section */
		040669C21F26E6410090DE0C /* LaunchScreen.storyboard */ = {
			isa = PBXVariantGroup;
			children = (
				040669C31F26E6410090DE0C /* Base */,
			);
			name = LaunchScreen.storyboard;
			sourceTree = "<group>";
		};
/* End PBXVariantGroup section */

/* Begin XCBuildConfiguration section */
		040669C61F26E6410090DE0C /* Debug */ = {
			isa = XCBuildConfiguration;
			buildSettings = {
				ALWAYS_SEARCH_USER_PATHS = NO;
				CLANG_ANALYZER_NONNULL = YES;
				CLANG_CXX_LANGUAGE_STANDARD = "gnu++0x";
				CLANG_CXX_LIBRARY = "libc++";
				CLANG_ENABLE_MODULES = YES;
				CLANG_ENABLE_OBJC_ARC = YES;
				CLANG_WARN_BOOL_CONVERSION = YES;
				CLANG_WARN_CONSTANT_CONVERSION = YES;
				CLANG_WARN_DIRECT_OBJC_ISA_USAGE = YES_ERROR;
				CLANG_WARN_DOCUMENTATION_COMMENTS = YES;
				CLANG_WARN_EMPTY_BODY = YES;
				CLANG_WARN_ENUM_CONVERSION = YES;
				CLANG_WARN_INFINITE_RECURSION = YES;
				CLANG_WARN_INT_CONVERSION = YES;
				CLANG_WARN_OBJC_ROOT_CLASS = YES_ERROR;
				CLANG_WARN_SUSPICIOUS_MOVE = YES;
				CLANG_WARN_UNREACHABLE_CODE = YES;
				CLANG_WARN__DUPLICATE_METHOD_MATCH = YES;
				"CODE_SIGN_IDENTITY[sdk=iphoneos*]" = "iPhone Developer";
				COPY_PHASE_STRIP = NO;
				DEBUG_INFORMATION_FORMAT = dwarf;
				ENABLE_STRICT_OBJC_MSGSEND = YES;
				ENABLE_TESTABILITY = YES;
				GCC_C_LANGUAGE_STANDARD = gnu99;
				GCC_DYNAMIC_NO_PIC = NO;
				GCC_NO_COMMON_BLOCKS = YES;
				GCC_OPTIMIZATION_LEVEL = 0;
				GCC_PREPROCESSOR_DEFINITIONS = (
					"DEBUG=1",
					"$(inherited)",
				);
				GCC_WARN_64_TO_32_BIT_CONVERSION = YES;
				GCC_WARN_ABOUT_RETURN_TYPE = YES_ERROR;
				GCC_WARN_UNDECLARED_SELECTOR = YES;
				GCC_WARN_UNINITIALIZED_AUTOS = YES_AGGRESSIVE;
				GCC_WARN_UNUSED_FUNCTION = YES;
				GCC_WARN_UNUSED_VARIABLE = YES;
				IPHONEOS_DEPLOYMENT_TARGET = 10.2;
				MTL_ENABLE_DEBUG_INFO = YES;
				ONLY_ACTIVE_ARCH = YES;
				SDKROOT = iphoneos;
				TARGETED_DEVICE_FAMILY = "1,2";
			};
			name = Debug;
		};
		040669C71F26E6410090DE0C /* Release */ = {
			isa = XCBuildConfiguration;
			buildSettings = {
				ALWAYS_SEARCH_USER_PATHS = NO;
				CLANG_ANALYZER_NONNULL = YES;
				CLANG_CXX_LANGUAGE_STANDARD = "gnu++0x";
				CLANG_CXX_LIBRARY = "libc++";
				CLANG_ENABLE_MODULES = YES;
				CLANG_ENABLE_OBJC_ARC = YES;
				CLANG_WARN_BOOL_CONVERSION = YES;
				CLANG_WARN_CONSTANT_CONVERSION = YES;
				CLANG_WARN_DIRECT_OBJC_ISA_USAGE = YES_ERROR;
				CLANG_WARN_DOCUMENTATION_COMMENTS = YES;
				CLANG_WARN_EMPTY_BODY = YES;
				CLANG_WARN_ENUM_CONVERSION = YES;
				CLANG_WARN_INFINITE_RECURSION = YES;
				CLANG_WARN_INT_CONVERSION = YES;
				CLANG_WARN_OBJC_ROOT_CLASS = YES_ERROR;
				CLANG_WARN_SUSPICIOUS_MOVE = YES;
				CLANG_WARN_UNREACHABLE_CODE = YES;
				CLANG_WARN__DUPLICATE_METHOD_MATCH = YES;
				"CODE_SIGN_IDENTITY[sdk=iphoneos*]" = "iPhone Developer";
				COPY_PHASE_STRIP = NO;
				DEBUG_INFORMATION_FORMAT = "dwarf-with-dsym";
				ENABLE_NS_ASSERTIONS = NO;
				ENABLE_STRICT_OBJC_MSGSEND = YES;
				GCC_C_LANGUAGE_STANDARD = gnu99;
				GCC_NO_COMMON_BLOCKS = YES;
				GCC_WARN_64_TO_32_BIT_CONVERSION = YES;
				GCC_WARN_ABOUT_RETURN_TYPE = YES_ERROR;
				GCC_WARN_UNDECLARED_SELECTOR = YES;
				GCC_WARN_UNINITIALIZED_AUTOS = YES_AGGRESSIVE;
				GCC_WARN_UNUSED_FUNCTION = YES;
				GCC_WARN_UNUSED_VARIABLE = YES;
				IPHONEOS_DEPLOYMENT_TARGET = 10.2;
				MTL_ENABLE_DEBUG_INFO = NO;
				SDKROOT = iphoneos;
				TARGETED_DEVICE_FAMILY = "1,2";
				VALIDATE_PRODUCT = YES;
			};
			name = Release;
		};
		040669C91F26E6410090DE0C /* Debug */ = {
			isa = XCBuildConfiguration;
			baseConfigurationReference = E1F7BB4332FA16E9F56DA599 /* Pods-JXLovePlayNews.debug.xcconfig */;
			buildSettings = {
				ASSETCATALOG_COMPILER_APPICON_NAME = AppIcon;
				DEVELOPMENT_TEAM = 7TM5A6A2L6;
				GCC_PREFIX_HEADER = "/Users/mac/Desktop/数据plist/LovePlayNews/JXLovePlayNews/JXLovePlayNews/JXLovePlayNews.pch";
				INFOPLIST_FILE = JXLovePlayNews/Info.plist;
				IPHONEOS_DEPLOYMENT_TARGET = 8.1;
				LD_RUNPATH_SEARCH_PATHS = "$(inherited) @executable_path/Frameworks";
				PRODUCT_BUNDLE_IDENTIFIER = com.fxtz.fxtzapp.JXLovePlayNews;
				PRODUCT_NAME = "$(TARGET_NAME)";
			};
			name = Debug;
		};
		040669CA1F26E6410090DE0C /* Release */ = {
			isa = XCBuildConfiguration;
			baseConfigurationReference = 3B7E325F44B923F82386E7A7 /* Pods-JXLovePlayNews.release.xcconfig */;
			buildSettings = {
				ASSETCATALOG_COMPILER_APPICON_NAME = AppIcon;
				DEVELOPMENT_TEAM = 7TM5A6A2L6;
				GCC_PREFIX_HEADER = "/Users/mac/Desktop/数据plist/LovePlayNews/JXLovePlayNews/JXLovePlayNews/JXLovePlayNews.pch";
				INFOPLIST_FILE = JXLovePlayNews/Info.plist;
				IPHONEOS_DEPLOYMENT_TARGET = 8.1;
				LD_RUNPATH_SEARCH_PATHS = "$(inherited) @executable_path/Frameworks";
				PRODUCT_BUNDLE_IDENTIFIER = com.fxtz.fxtzapp.JXLovePlayNews;
				PRODUCT_NAME = "$(TARGET_NAME)";
			};
			name = Release;
		};
/* End XCBuildConfiguration section */

/* Begin XCConfigurationList section */
		040669AC1F26E6410090DE0C /* Build configuration list for PBXProject "JXLovePlayNews" */ = {
			isa = XCConfigurationList;
			buildConfigurations = (
				040669C61F26E6410090DE0C /* Debug */,
				040669C71F26E6410090DE0C /* Release */,
			);
			defaultConfigurationIsVisible = 0;
			defaultConfigurationName = Release;
		};
		040669C81F26E6410090DE0C /* Build configuration list for PBXNativeTarget "JXLovePlayNews" */ = {
			isa = XCConfigurationList;
			buildConfigurations = (
				040669C91F26E6410090DE0C /* Debug */,
				040669CA1F26E6410090DE0C /* Release */,
			);
			defaultConfigurationIsVisible = 0;
			defaultConfigurationName = Release;
		};
/* End XCConfigurationList section */
	};
	rootObject = 040669A91F26E6410090DE0C /* Project object */;
}
